// !$*UTF8*$!
{
	archiveVersion = 1;
	classes = {
	};
	objectVersion = 56;
	objects = {

/* Begin PBXBuildFile section */
		E2B4DDC92C4E92870059022F /* TaskySampleApp.swift in Sources */ = {isa = PBXBuildFile; fileRef = E2B4DDC82C4E92870059022F /* TaskySampleApp.swift */; };
		E2B4DDCD2C4E92930059022F /* Assets.xcassets in Resources */ = {isa = PBXBuildFile; fileRef = E2B4DDCC2C4E92930059022F /* Assets.xcassets */; };
		E2B4DDD02C4E92930059022F /* Preview Assets.xcassets in Resources */ = {isa = PBXBuildFile; fileRef = E2B4DDCF2C4E92930059022F /* Preview Assets.xcassets */; };
		E2B4DDDA2C4E92940059022F /* TaskySampleTests.swift in Sources */ = {isa = PBXBuildFile; fileRef = E2B4DDD92C4E92940059022F /* TaskySampleTests.swift */; };
		E2B4DDE42C4E92940059022F /* TaskySampleUITests.swift in Sources */ = {isa = PBXBuildFile; fileRef = E2B4DDE32C4E92940059022F /* TaskySampleUITests.swift */; };
		E2B4DDE62C4E92940059022F /* TaskySampleUITestsLaunchTests.swift in Sources */ = {isa = PBXBuildFile; fileRef = E2B4DDE52C4E92940059022F /* TaskySampleUITestsLaunchTests.swift */; };
		E2B4DDF32C4E92EA0059022F /* TasksView.swift in Sources */ = {isa = PBXBuildFile; fileRef = E2B4DDF22C4E92EA0059022F /* TasksView.swift */; };
/* End PBXBuildFile section */

/* Begin PBXContainerItemProxy section */
		E2B4DDD62C4E92940059022F /* PBXContainerItemProxy */ = {
			isa = PBXContainerItemProxy;
			containerPortal = E2B4DDBD2C4E92870059022F /* Project object */;
			proxyType = 1;
			remoteGlobalIDString = E2B4DDC42C4E92870059022F;
			remoteInfo = TaskySample;
		};
		E2B4DDE02C4E92940059022F /* PBXContainerItemProxy */ = {
			isa = PBXContainerItemProxy;
			containerPortal = E2B4DDBD2C4E92870059022F /* Project object */;
			proxyType = 1;
			remoteGlobalIDString = E2B4DDC42C4E92870059022F;
			remoteInfo = TaskySample;
		};
/* End PBXContainerItemProxy section */

/* Begin PBXFileReference section */
		E2B4DDC52C4E92870059022F /* TaskySample.app */ = {isa = PBXFileReference; explicitFileType = wrapper.application; includeInIndex = 0; path = TaskySample.app; sourceTree = BUILT_PRODUCTS_DIR; };
		E2B4DDC82C4E92870059022F /* TaskySampleApp.swift */ = {isa = PBXFileReference; lastKnownFileType = sourcecode.swift; path = TaskySampleApp.swift; sourceTree = "<group>"; };
		E2B4DDCC2C4E92930059022F /* Assets.xcassets */ = {isa = PBXFileReference; lastKnownFileType = folder.assetcatalog; path = Assets.xcassets; sourceTree = "<group>"; };
		E2B4DDCF2C4E92930059022F /* Preview Assets.xcassets */ = {isa = PBXFileReference; lastKnownFileType = folder.assetcatalog; path = "Preview Assets.xcassets"; sourceTree = "<group>"; };
		E2B4DDD52C4E92940059022F /* TaskySampleTests.xctest */ = {isa = PBXFileReference; explicitFileType = wrapper.cfbundle; includeInIndex = 0; path = TaskySampleTests.xctest; sourceTree = BUILT_PRODUCTS_DIR; };
		E2B4DDD92C4E92940059022F /* TaskySampleTests.swift */ = {isa = PBXFileReference; lastKnownFileType = sourcecode.swift; path = TaskySampleTests.swift; sourceTree = "<group>"; };
		E2B4DDDF2C4E92940059022F /* TaskySampleUITests.xctest */ = {isa = PBXFileReference; explicitFileType = wrapper.cfbundle; includeInIndex = 0; path = TaskySampleUITests.xctest; sourceTree = BUILT_PRODUCTS_DIR; };
		E2B4DDE32C4E92940059022F /* TaskySampleUITests.swift */ = {isa = PBXFileReference; lastKnownFileType = sourcecode.swift; path = TaskySampleUITests.swift; sourceTree = "<group>"; };
		E2B4DDE52C4E92940059022F /* TaskySampleUITestsLaunchTests.swift */ = {isa = PBXFileReference; lastKnownFileType = sourcecode.swift; path = TaskySampleUITestsLaunchTests.swift; sourceTree = "<group>"; };
		E2B4DDF22C4E92EA0059022F /* TasksView.swift */ = {isa = PBXFileReference; lastKnownFileType = sourcecode.swift; path = TasksView.swift; sourceTree = "<group>"; };
/* End PBXFileReference section */

/* Begin PBXFrameworksBuildPhase section */
		E2B4DDC22C4E92870059022F /* Frameworks */ = {
			isa = PBXFrameworksBuildPhase;
			buildActionMask = 2147483647;
			files = (
			);
			runOnlyForDeploymentPostprocessing = 0;
		};
		E2B4DDD22C4E92940059022F /* Frameworks */ = {
			isa = PBXFrameworksBuildPhase;
			buildActionMask = 2147483647;
			files = (
			);
			runOnlyForDeploymentPostprocessing = 0;
		};
		E2B4DDDC2C4E92940059022F /* Frameworks */ = {
			isa = PBXFrameworksBuildPhase;
			buildActionMask = 2147483647;
			files = (
			);
			runOnlyForDeploymentPostprocessing = 0;
		};
/* End PBXFrameworksBuildPhase section */

/* Begin PBXGroup section */
		E2B4DDBC2C4E92870059022F = {
			isa = PBXGroup;
			children = (
				E2B4DDC72C4E92870059022F /* TaskySample */,
				E2B4DDD82C4E92940059022F /* TaskySampleTests */,
				E2B4DDE22C4E92940059022F /* TaskySampleUITests */,
				E2B4DDC62C4E92870059022F /* Products */,
			);
			sourceTree = "<group>";
		};
		E2B4DDC62C4E92870059022F /* Products */ = {
			isa = PBXGroup;
			children = (
				E2B4DDC52C4E92870059022F /* TaskySample.app */,
				E2B4DDD52C4E92940059022F /* TaskySampleTests.xctest */,
				E2B4DDDF2C4E92940059022F /* TaskySampleUITests.xctest */,
			);
			name = Products;
			sourceTree = "<group>";
		};
		E2B4DDC72C4E92870059022F /* TaskySample */ = {
			isa = PBXGroup;
			children = (
				E2B4DDC82C4E92870059022F /* TaskySampleApp.swift */,
				E2B4DDF22C4E92EA0059022F /* TasksView.swift */,
				E2B4DDCC2C4E92930059022F /* Assets.xcassets */,
				E2B4DDCE2C4E92930059022F /* Preview Content */,
			);
			path = TaskySample;
			sourceTree = "<group>";
		};
		E2B4DDCE2C4E92930059022F /* Preview Content */ = {
			isa = PBXGroup;
			children = (
				E2B4DDCF2C4E92930059022F /* Preview Assets.xcassets */,
			);
			path = "Preview Content";
			sourceTree = "<group>";
		};
		E2B4DDD82C4E92940059022F /* TaskySampleTests */ = {
			isa = PBXGroup;
			children = (
				E2B4DDD92C4E92940059022F /* TaskySampleTests.swift */,
			);
			path = TaskySampleTests;
			sourceTree = "<group>";
		};
		E2B4DDE22C4E92940059022F /* TaskySampleUITests */ = {
			isa = PBXGroup;
			children = (
				E2B4DDE32C4E92940059022F /* TaskySampleUITests.swift */,
				E2B4DDE52C4E92940059022F /* TaskySampleUITestsLaunchTests.swift */,
			);
			path = TaskySampleUITests;
			sourceTree = "<group>";
		};
/* End PBXGroup section */

/* Begin PBXNativeTarget section */
		E2B4DDC42C4E92870059022F /* TaskySample */ = {
			isa = PBXNativeTarget;
			buildConfigurationList = E2B4DDE92C4E92940059022F /* Build configuration list for PBXNativeTarget "TaskySample" */;
			buildPhases = (
				E2B4DDC12C4E92870059022F /* Sources */,
				E2B4DDC22C4E92870059022F /* Frameworks */,
				E2B4DDC32C4E92870059022F /* Resources */,
			);
			buildRules = (
			);
			dependencies = (
			);
			name = TaskySample;
			productName = TaskySample;
			productReference = E2B4DDC52C4E92870059022F /* TaskySample.app */;
			productType = "com.apple.product-type.application";
		};
		E2B4DDD42C4E92940059022F /* TaskySampleTests */ = {
			isa = PBXNativeTarget;
			buildConfigurationList = E2B4DDEC2C4E92940059022F /* Build configuration list for PBXNativeTarget "TaskySampleTests" */;
			buildPhases = (
				E2B4DDD12C4E92940059022F /* Sources */,
				E2B4DDD22C4E92940059022F /* Frameworks */,
				E2B4DDD32C4E92940059022F /* Resources */,
			);
			buildRules = (
			);
			dependencies = (
				E2B4DDD72C4E92940059022F /* PBXTargetDependency */,
			);
			name = TaskySampleTests;
			productName = TaskySampleTests;
			productReference = E2B4DDD52C4E92940059022F /* TaskySampleTests.xctest */;
			productType = "com.apple.product-type.bundle.unit-test";
		};
		E2B4DDDE2C4E92940059022F /* TaskySampleUITests */ = {
			isa = PBXNativeTarget;
			buildConfigurationList = E2B4DDEF2C4E92940059022F /* Build configuration list for PBXNativeTarget "TaskySampleUITests" */;
			buildPhases = (
				E2B4DDDB2C4E92940059022F /* Sources */,
				E2B4DDDC2C4E92940059022F /* Frameworks */,
				E2B4DDDD2C4E92940059022F /* Resources */,
			);
			buildRules = (
			);
			dependencies = (
				E2B4DDE12C4E92940059022F /* PBXTargetDependency */,
			);
			name = TaskySampleUITests;
			productName = TaskySampleUITests;
			productReference = E2B4DDDF2C4E92940059022F /* TaskySampleUITests.xctest */;
			productType = "com.apple.product-type.bundle.ui-testing";
		};
/* End PBXNativeTarget section */

/* Begin PBXProject section */
		E2B4DDBD2C4E92870059022F /* Project object */ = {
			isa = PBXProject;
			attributes = {
				BuildIndependentTargetsInParallel = 1;
				LastSwiftUpdateCheck = 1520;
				LastUpgradeCheck = 1520;
				TargetAttributes = {
					E2B4DDC42C4E92870059022F = {
						CreatedOnToolsVersion = 15.2;
					};
					E2B4DDD42C4E92940059022F = {
						CreatedOnToolsVersion = 15.2;
						TestTargetID = E2B4DDC42C4E92870059022F;
					};
					E2B4DDDE2C4E92940059022F = {
						CreatedOnToolsVersion = 15.2;
						TestTargetID = E2B4DDC42C4E92870059022F;
					};
				};
			};
			buildConfigurationList = E2B4DDC02C4E92870059022F /* Build configuration list for PBXProject "TaskySample" */;
			compatibilityVersion = "Xcode 14.0";
			developmentRegion = en;
			hasScannedForEncodings = 0;
			knownRegions = (
				en,
				Base,
			);
			mainGroup = E2B4DDBC2C4E92870059022F;
			productRefGroup = E2B4DDC62C4E92870059022F /* Products */;
			projectDirPath = "";
			projectRoot = "";
			targets = (
				E2B4DDC42C4E92870059022F /* TaskySample */,
				E2B4DDD42C4E92940059022F /* TaskySampleTests */,
				E2B4DDDE2C4E92940059022F /* TaskySampleUITests */,
			);
		};
/* End PBXProject section */

/* Begin PBXResourcesBuildPhase section */
		E2B4DDC32C4E92870059022F /* Resources */ = {
			isa = PBXResourcesBuildPhase;
			buildActionMask = 2147483647;
			files = (
				E2B4DDD02C4E92930059022F /* Preview Assets.xcassets in Resources */,
				E2B4DDCD2C4E92930059022F /* Assets.xcassets in Resources */,
			);
			runOnlyForDeploymentPostprocessing = 0;
		};
		E2B4DDD32C4E92940059022F /* Resources */ = {
			isa = PBXResourcesBuildPhase;
			buildActionMask = 2147483647;
			files = (
			);
			runOnlyForDeploymentPostprocessing = 0;
		};
		E2B4DDDD2C4E92940059022F /* Resources */ = {
			isa = PBXResourcesBuildPhase;
			buildActionMask = 2147483647;
			files = (
			);
			runOnlyForDeploymentPostprocessing = 0;
		};
/* End PBXResourcesBuildPhase section */

/* Begin PBXSourcesBuildPhase section */
		E2B4DDC12C4E92870059022F /* Sources */ = {
			isa = PBXSourcesBuildPhase;
			buildActionMask = 2147483647;
			files = (
				E2B4DDF32C4E92EA0059022F /* TasksView.swift in Sources */,
				E2B4DDC92C4E92870059022F /* TaskySampleApp.swift in Sources */,
			);
			runOnlyForDeploymentPostprocessing = 0;
		};
		E2B4DDD12C4E92940059022F /* Sources */ = {
			isa = PBXSourcesBuildPhase;
			buildActionMask = 2147483647;
			files = (
				E2B4DDDA2C4E92940059022F /* TaskySampleTests.swift in Sources */,
			);
			runOnlyForDeploymentPostprocessing = 0;
		};
		E2B4DDDB2C4E92940059022F /* Sources */ = {
			isa = PBXSourcesBuildPhase;
			buildActionMask = 2147483647;
			files = (
				E2B4DDE42C4E92940059022F /* TaskySampleUITests.swift in Sources */,
				E2B4DDE62C4E92940059022F /* TaskySampleUITestsLaunchTests.swift in Sources */,
			);
			runOnlyForDeploymentPostprocessing = 0;
		};
/* End PBXSourcesBuildPhase section */

/* Begin PBXTargetDependency section */
		E2B4DDD72C4E92940059022F /* PBXTargetDependency */ = {
			isa = PBXTargetDependency;
			target = E2B4DDC42C4E92870059022F /* TaskySample */;
			targetProxy = E2B4DDD62C4E92940059022F /* PBXContainerItemProxy */;
		};
		E2B4DDE12C4E92940059022F /* PBXTargetDependency */ = {
			isa = PBXTargetDependency;
			target = E2B4DDC42C4E92870059022F /* TaskySample */;
			targetProxy = E2B4DDE02C4E92940059022F /* PBXContainerItemProxy */;
		};
/* End PBXTargetDependency section */

/* Begin XCBuildConfiguration section */
		E2B4DDE72C4E92940059022F /* Debug */ = {
			isa = XCBuildConfiguration;
			buildSettings = {
				ALWAYS_SEARCH_USER_PATHS = NO;
				ASSETCATALOG_COMPILER_GENERATE_SWIFT_ASSET_SYMBOL_EXTENSIONS = YES;
				CLANG_ANALYZER_NONNULL = YES;
				CLANG_ANALYZER_NUMBER_OBJECT_CONVERSION = YES_AGGRESSIVE;
				CLANG_CXX_LANGUAGE_STANDARD = "gnu++20";
				CLANG_ENABLE_MODULES = YES;
				CLANG_ENABLE_OBJC_ARC = YES;
				CLANG_ENABLE_OBJC_WEAK = YES;
				CLANG_WARN_BLOCK_CAPTURE_AUTORELEASING = YES;
				CLANG_WARN_BOOL_CONVERSION = YES;
				CLANG_WARN_COMMA = YES;
				CLANG_WARN_CONSTANT_CONVERSION = YES;
				CLANG_WARN_DEPRECATED_OBJC_IMPLEMENTATIONS = YES;
				CLANG_WARN_DIRECT_OBJC_ISA_USAGE = YES_ERROR;
				CLANG_WARN_DOCUMENTATION_COMMENTS = YES;
				CLANG_WARN_EMPTY_BODY = YES;
				CLANG_WARN_ENUM_CONVERSION = YES;
				CLANG_WARN_INFINITE_RECURSION = YES;
				CLANG_WARN_INT_CONVERSION = YES;
				CLANG_WARN_NON_LITERAL_NULL_CONVERSION = YES;
				CLANG_WARN_OBJC_IMPLICIT_RETAIN_SELF = YES;
				CLANG_WARN_OBJC_LITERAL_CONVERSION = YES;
				CLANG_WARN_OBJC_ROOT_CLASS = YES_ERROR;
				CLANG_WARN_QUOTED_INCLUDE_IN_FRAMEWORK_HEADER = YES;
				CLANG_WARN_RANGE_LOOP_ANALYSIS = YES;
				CLANG_WARN_STRICT_PROTOTYPES = YES;
				CLANG_WARN_SUSPICIOUS_MOVE = YES;
				CLANG_WARN_UNGUARDED_AVAILABILITY = YES_AGGRESSIVE;
				CLANG_WARN_UNREACHABLE_CODE = YES;
				CLANG_WARN__DUPLICATE_METHOD_MATCH = YES;
				COPY_PHASE_STRIP = NO;
				DEBUG_INFORMATION_FORMAT = dwarf;
				ENABLE_STRICT_OBJC_MSGSEND = YES;
				ENABLE_TESTABILITY = YES;
				ENABLE_USER_SCRIPT_SANDBOXING = YES;
				GCC_C_LANGUAGE_STANDARD = gnu17;
				GCC_DYNAMIC_NO_PIC = NO;
				GCC_NO_COMMON_BLOCKS = YES;
				GCC_OPTIMIZATION_LEVEL = 0;
				GCC_PREPROCESSOR_DEFINITIONS = (
					"DEBUG=1",
					"$(inherited)",
				);
				GCC_WARN_64_TO_32_BIT_CONVERSION = YES;
				GCC_WARN_ABOUT_RETURN_TYPE = YES_ERROR;
				GCC_WARN_UNDECLARED_SELECTOR = YES;
				GCC_WARN_UNINITIALIZED_AUTOS = YES_AGGRESSIVE;
				GCC_WARN_UNUSED_FUNCTION = YES;
				GCC_WARN_UNUSED_VARIABLE = YES;
				IPHONEOS_DEPLOYMENT_TARGET = 17.2;
				LOCALIZATION_PREFERS_STRING_CATALOGS = YES;
				MTL_ENABLE_DEBUG_INFO = INCLUDE_SOURCE;
				MTL_FAST_MATH = YES;
				ONLY_ACTIVE_ARCH = YES;
				SDKROOT = iphoneos;
				SWIFT_ACTIVE_COMPILATION_CONDITIONS = "DEBUG $(inherited)";
				SWIFT_OPTIMIZATION_LEVEL = "-Onone";
			};
			name = Debug;
		};
		E2B4DDE82C4E92940059022F /* Release */ = {
			isa = XCBuildConfiguration;
			buildSettings = {
				ALWAYS_SEARCH_USER_PATHS = NO;
				ASSETCATALOG_COMPILER_GENERATE_SWIFT_ASSET_SYMBOL_EXTENSIONS = YES;
				CLANG_ANALYZER_NONNULL = YES;
				CLANG_ANALYZER_NUMBER_OBJECT_CONVERSION = YES_AGGRESSIVE;
				CLANG_CXX_LANGUAGE_STANDARD = "gnu++20";
				CLANG_ENABLE_MODULES = YES;
				CLANG_ENABLE_OBJC_ARC = YES;
				CLANG_ENABLE_OBJC_WEAK = YES;
				CLANG_WARN_BLOCK_CAPTURE_AUTORELEASING = YES;
				CLANG_WARN_BOOL_CONVERSION = YES;
				CLANG_WARN_COMMA = YES;
				CLANG_WARN_CONSTANT_CONVERSION = YES;
				CLANG_WARN_DEPRECATED_OBJC_IMPLEMENTATIONS = YES;
				CLANG_WARN_DIRECT_OBJC_ISA_USAGE = YES_ERROR;
				CLANG_WARN_DOCUMENTATION_COMMENTS = YES;
				CLANG_WARN_EMPTY_BODY = YES;
				CLANG_WARN_ENUM_CONVERSION = YES;
				CLANG_WARN_INFINITE_RECURSION = YES;
				CLANG_WARN_INT_CONVERSION = YES;
				CLANG_WARN_NON_LITERAL_NULL_CONVERSION = YES;
				CLANG_WARN_OBJC_IMPLICIT_RETAIN_SELF = YES;
				CLANG_WARN_OBJC_LITERAL_CONVERSION = YES;
				CLANG_WARN_OBJC_ROOT_CLASS = YES_ERROR;
				CLANG_WARN_QUOTED_INCLUDE_IN_FRAMEWORK_HEADER = YES;
				CLANG_WARN_RANGE_LOOP_ANALYSIS = YES;
				CLANG_WARN_STRICT_PROTOTYPES = YES;
				CLANG_WARN_SUSPICIOUS_MOVE = YES;
				CLANG_WARN_UNGUARDED_AVAILABILITY = YES_AGGRESSIVE;
				CLANG_WARN_UNREACHABLE_CODE = YES;
				CLANG_WARN__DUPLICATE_METHOD_MATCH = YES;
				COPY_PHASE_STRIP = NO;
				DEBUG_INFORMATION_FORMAT = "dwarf-with-dsym";
				ENABLE_NS_ASSERTIONS = NO;
				ENABLE_STRICT_OBJC_MSGSEND = YES;
				ENABLE_USER_SCRIPT_SANDBOXING = YES;
				GCC_C_LANGUAGE_STANDARD = gnu17;
				GCC_NO_COMMON_BLOCKS = YES;
				GCC_WARN_64_TO_32_BIT_CONVERSION = YES;
				GCC_WARN_ABOUT_RETURN_TYPE = YES_ERROR;
				GCC_WARN_UNDECLARED_SELECTOR = YES;
				GCC_WARN_UNINITIALIZED_AUTOS = YES_AGGRESSIVE;
				GCC_WARN_UNUSED_FUNCTION = YES;
				GCC_WARN_UNUSED_VARIABLE = YES;
				IPHONEOS_DEPLOYMENT_TARGET = 17.2;
				LOCALIZATION_PREFERS_STRING_CATALOGS = YES;
				MTL_ENABLE_DEBUG_INFO = NO;
				MTL_FAST_MATH = YES;
				SDKROOT = iphoneos;
				SWIFT_COMPILATION_MODE = wholemodule;
				VALIDATE_PRODUCT = YES;
			};
			name = Release;
		};
		E2B4DDEA2C4E92940059022F /* Debug */ = {
			isa = XCBuildConfiguration;
			buildSettings = {
				ASSETCATALOG_COMPILER_APPICON_NAME = AppIcon;
				ASSETCATALOG_COMPILER_GLOBAL_ACCENT_COLOR_NAME = AccentColor;
				CODE_SIGN_STYLE = Automatic;
				CURRENT_PROJECT_VERSION = 1;
				DEVELOPMENT_ASSET_PATHS = "\"TaskySample/Preview Content\"";
				DEVELOPMENT_TEAM = 5MJ355GFTG;
				ENABLE_PREVIEWS = YES;
				GENERATE_INFOPLIST_FILE = YES;
				INFOPLIST_KEY_UIApplicationSceneManifest_Generation = YES;
				INFOPLIST_KEY_UIApplicationSupportsIndirectInputEvents = YES;
				INFOPLIST_KEY_UILaunchScreen_Generation = YES;
				INFOPLIST_KEY_UISupportedInterfaceOrientations_iPad = "UIInterfaceOrientationPortrait UIInterfaceOrientationPortraitUpsideDown UIInterfaceOrientationLandscapeLeft UIInterfaceOrientationLandscapeRight";
				INFOPLIST_KEY_UISupportedInterfaceOrientations_iPhone = "UIInterfaceOrientationPortrait UIInterfaceOrientationLandscapeLeft UIInterfaceOrientationLandscapeRight";
				LD_RUNPATH_SEARCH_PATHS = (
					"$(inherited)",
					"@executable_path/Frameworks",
				);
				MARKETING_VERSION = 1.0;
				PRODUCT_BUNDLE_IDENTIFIER = tasky.TaskySample;
				PRODUCT_NAME = "$(TARGET_NAME)";
				SWIFT_EMIT_LOC_STRINGS = YES;
				SWIFT_VERSION = 5.0;
				TARGETED_DEVICE_FAMILY = "1,2";
			};
			name = Debug;
		};
		E2B4DDEB2C4E92940059022F /* Release */ = {
			isa = XCBuildConfiguration;
			buildSettings = {
				ASSETCATALOG_COMPILER_APPICON_NAME = AppIcon;
				ASSETCATALOG_COMPILER_GLOBAL_ACCENT_COLOR_NAME = AccentColor;
				CODE_SIGN_STYLE = Automatic;
				CURRENT_PROJECT_VERSION = 1;
				DEVELOPMENT_ASSET_PATHS = "\"TaskySample/Preview Content\"";
				DEVELOPMENT_TEAM = 5MJ355GFTG;
				ENABLE_PREVIEWS = YES;
				GENERATE_INFOPLIST_FILE = YES;
				INFOPLIST_KEY_UIApplicationSceneManifest_Generation = YES;
				INFOPLIST_KEY_UIApplicationSupportsIndirectInputEvents = YES;
				INFOPLIST_KEY_UILaunchScreen_Generation = YES;
				INFOPLIST_KEY_UISupportedInterfaceOrientations_iPad = "UIInterfaceOrientationPortrait UIInterfaceOrientationPortraitUpsideDown UIInterfaceOrientationLandscapeLeft UIInterfaceOrientationLandscapeRight";
				INFOPLIST_KEY_UISupportedInterfaceOrientations_iPhone = "UIInterfaceOrientationPortrait UIInterfaceOrientationLandscapeLeft UIInterfaceOrientationLandscapeRight";
				LD_RUNPATH_SEARCH_PATHS = (
					"$(inherited)",
					"@executable_path/Frameworks",
				);
				MARKETING_VERSION = 1.0;
				PRODUCT_BUNDLE_IDENTIFIER = tasky.TaskySample;
				PRODUCT_NAME = "$(TARGET_NAME)";
				SWIFT_EMIT_LOC_STRINGS = YES;
				SWIFT_VERSION = 5.0;
				TARGETED_DEVICE_FAMILY = "1,2";
			};
			name = Release;
		};
		E2B4DDED2C4E92940059022F /* Debug */ = {
			isa = XCBuildConfiguration;
			buildSettings = {
				ALWAYS_EMBED_SWIFT_STANDARD_LIBRARIES = YES;
				BUNDLE_LOADER = "$(TEST_HOST)";
				CODE_SIGN_STYLE = Automatic;
				CURRENT_PROJECT_VERSION = 1;
				DEVELOPMENT_TEAM = 5MJ355GFTG;
				GENERATE_INFOPLIST_FILE = YES;
				IPHONEOS_DEPLOYMENT_TARGET = 17.2;
				MARKETING_VERSION = 1.0;
				PRODUCT_BUNDLE_IDENTIFIER = tasky.TaskySampleTests;
				PRODUCT_NAME = "$(TARGET_NAME)";
				SWIFT_EMIT_LOC_STRINGS = NO;
				SWIFT_VERSION = 5.0;
				TARGETED_DEVICE_FAMILY = "1,2";
				TEST_HOST = "$(BUILT_PRODUCTS_DIR)/TaskySample.app/$(BUNDLE_EXECUTABLE_FOLDER_PATH)/TaskySample";
			};
			name = Debug;
		};
		E2B4DDEE2C4E92940059022F /* Release */ = {
			isa = XCBuildConfiguration;
			buildSettings = {
				ALWAYS_EMBED_SWIFT_STANDARD_LIBRARIES = YES;
				BUNDLE_LOADER = "$(TEST_HOST)";
				CODE_SIGN_STYLE = Automatic;
				CURRENT_PROJECT_VERSION = 1;
				DEVELOPMENT_TEAM = 5MJ355GFTG;
				GENERATE_INFOPLIST_FILE = YES;
				IPHONEOS_DEPLOYMENT_TARGET = 17.2;
				MARKETING_VERSION = 1.0;
				PRODUCT_BUNDLE_IDENTIFIER = tasky.TaskySampleTests;
				PRODUCT_NAME = "$(TARGET_NAME)";
				SWIFT_EMIT_LOC_STRINGS = NO;
				SWIFT_VERSION = 5.0;
				TARGETED_DEVICE_FAMILY = "1,2";
				TEST_HOST = "$(BUILT_PRODUCTS_DIR)/TaskySample.app/$(BUNDLE_EXECUTABLE_FOLDER_PATH)/TaskySample";
			};
			name = Release;
		};
		E2B4DDF02C4E92940059022F /* Debug */ = {
			isa = XCBuildConfiguration;
			buildSettings = {
				ALWAYS_EMBED_SWIFT_STANDARD_LIBRARIES = YES;
				CODE_SIGN_STYLE = Automatic;
				CURRENT_PROJECT_VERSION = 1;
				DEVELOPMENT_TEAM = 5MJ355GFTG;
				GENERATE_INFOPLIST_FILE = YES;
				MARKETING_VERSION = 1.0;
				PRODUCT_BUNDLE_IDENTIFIER = tasky.TaskySampleUITests;
				PRODUCT_NAME = "$(TARGET_NAME)";
				SWIFT_EMIT_LOC_STRINGS = NO;
				SWIFT_VERSION = 5.0;
				TARGETED_DEVICE_FAMILY = "1,2";
				TEST_TARGET_NAME = TaskySample;
			};
			name = Debug;
		};
		E2B4DDF12C4E92940059022F /* Release */ = {
			isa = XCBuildConfiguration;
			buildSettings = {
				ALWAYS_EMBED_SWIFT_STANDARD_LIBRARIES = YES;
				CODE_SIGN_STYLE = Automatic;
				CURRENT_PROJECT_VERSION = 1;
				DEVELOPMENT_TEAM = 5MJ355GFTG;
				GENERATE_INFOPLIST_FILE = YES;
				MARKETING_VERSION = 1.0;
				PRODUCT_BUNDLE_IDENTIFIER = tasky.TaskySampleUITests;
				PRODUCT_NAME = "$(TARGET_NAME)";
				SWIFT_EMIT_LOC_STRINGS = NO;
				SWIFT_VERSION = 5.0;
				TARGETED_DEVICE_FAMILY = "1,2";
				TEST_TARGET_NAME = TaskySample;
			};
			name = Release;
		};
/* End XCBuildConfiguration section */

/* Begin XCConfigurationList section */
		E2B4DDC02C4E92870059022F /* Build configuration list for PBXProject "TaskySample" */ = {
			isa = XCConfigurationList;
			buildConfigurations = (
				E2B4DDE72C4E92940059022F /* Debug */,
				E2B4DDE82C4E92940059022F /* Release */,
			);
			defaultConfigurationIsVisible = 0;
			defaultConfigurationName = Release;
		};
		E2B4DDE92C4E92940059022F /* Build configuration list for PBXNativeTarget "TaskySample" */ = {
			isa = XCConfigurationList;
			buildConfigurations = (
				E2B4DDEA2C4E92940059022F /* Debug */,
				E2B4DDEB2C4E92940059022F /* Release */,
			);
			defaultConfigurationIsVisible = 0;
			defaultConfigurationName = Release;
		};
		E2B4DDEC2C4E92940059022F /* Build configuration list for PBXNativeTarget "TaskySampleTests" */ = {
			isa = XCConfigurationList;
			buildConfigurations = (
				E2B4DDED2C4E92940059022F /* Debug */,
				E2B4DDEE2C4E92940059022F /* Release */,
			);
			defaultConfigurationIsVisible = 0;
			defaultConfigurationName = Release;
		};
		E2B4DDEF2C4E92940059022F /* Build configuration list for PBXNativeTarget "TaskySampleUITests" */ = {
			isa = XCConfigurationList;
			buildConfigurations = (
				E2B4DDF02C4E92940059022F /* Debug */,
				E2B4DDF12C4E92940059022F /* Release */,
			);
			defaultConfigurationIsVisible = 0;
			defaultConfigurationName = Release;
		};
/* End XCConfigurationList section */
	};
	rootObject = E2B4DDBD2C4E92870059022F /* Project object */;
}
